// !$*UTF8*$!
{
	archiveVersion = 1;
	classes = {
	};
	objectVersion = 50;
	objects = {

/* Begin PBXBuildFile section */
		7F0EC5222604AB4A00B1FAC1 /* Azan.swift in Sources */ = {isa = PBXBuildFile; fileRef = 7F0EC5212604AB4A00B1FAC1 /* Azan.swift */; };
		7F0EC5252604AB7400B1FAC1 /* AzanAPI.swift in Sources */ = {isa = PBXBuildFile; fileRef = 7F0EC5242604AB7400B1FAC1 /* AzanAPI.swift */; };
		7F10BA4F2601274100EBA7D5 /* Extension.swift in Sources */ = {isa = PBXBuildFile; fileRef = 7F10BA4E2601274000EBA7D5 /* Extension.swift */; };
		7F31359D261DAD820048EFFC /* do3a2ViewController.swift in Sources */ = {isa = PBXBuildFile; fileRef = 7F31359C261DAD820048EFFC /* do3a2ViewController.swift */; };
		7F4B08412603943B00C412F2 /* AutoLocationFunctions.swift in Sources */ = {isa = PBXBuildFile; fileRef = 7F4B08402603943B00C412F2 /* AutoLocationFunctions.swift */; };
		7F4B08482603CFFE00C412F2 /* WillAppearMain.swift in Sources */ = {isa = PBXBuildFile; fileRef = 7F4B08472603CFFE00C412F2 /* WillAppearMain.swift */; };
		7F4B084A2603D20900C412F2 /* LabelDataEntry.swift in Sources */ = {isa = PBXBuildFile; fileRef = 7F10BA32260126FF00EBA7D5 /* LabelDataEntry.swift */; };
		7F5A2D49260E4C1C00DCDBF3 /* QuranViewController.swift in Sources */ = {isa = PBXBuildFile; fileRef = 7F5A2D48260E4C1C00DCDBF3 /* QuranViewController.swift */; };
		7F5A2D4C260F86AF00DCDBF3 /* ContainerViewController.swift in Sources */ = {isa = PBXBuildFile; fileRef = 7F5A2D4B260F86AF00DCDBF3 /* ContainerViewController.swift */; };
		7F767E2E26220C4A00300531 /* Qebla.storyboard in Resources */ = {isa = PBXBuildFile; fileRef = 7F767E2D26220C4A00300531 /* Qebla.storyboard */; };
		7F8153A42602562F007D3C60 /* SelectCCViewController.swift in Sources */ = {isa = PBXBuildFile; fileRef = 7F8153A32602562F007D3C60 /* SelectCCViewController.swift */; };
		7F8153A726025788007D3C60 /* DidLoadCC.swift in Sources */ = {isa = PBXBuildFile; fileRef = 7F8153A626025788007D3C60 /* DidLoadCC.swift */; };
		7F8153AB260257A2007D3C60 /* PickerDataCC.swift in Sources */ = {isa = PBXBuildFile; fileRef = 7F8153AA260257A2007D3C60 /* PickerDataCC.swift */; };
		7F8153AE260257B8007D3C60 /* AutoLocationCC.swift in Sources */ = {isa = PBXBuildFile; fileRef = 7F8153AD260257B8007D3C60 /* AutoLocationCC.swift */; };
		7F8153B126025814007D3C60 /* Additional Function.swift in Sources */ = {isa = PBXBuildFile; fileRef = 7F8153B026025814007D3C60 /* Additional Function.swift */; };
		7FA97EA8261A15020018A832 /* LoadFunction.swift in Sources */ = {isa = PBXBuildFile; fileRef = 7FA97EA7261A15020018A832 /* LoadFunction.swift */; };
		7FB92B7A25FE1031002601E9 /* AppDelegate.swift in Sources */ = {isa = PBXBuildFile; fileRef = 7FB92B7925FE1031002601E9 /* AppDelegate.swift */; };
		7FB92B7C25FE1031002601E9 /* SceneDelegate.swift in Sources */ = {isa = PBXBuildFile; fileRef = 7FB92B7B25FE1031002601E9 /* SceneDelegate.swift */; };
		7FB92B7E25FE1031002601E9 /* MainViewController.swift in Sources */ = {isa = PBXBuildFile; fileRef = 7FB92B7D25FE1031002601E9 /* MainViewController.swift */; };
		7FB92B8125FE1031002601E9 /* Main.storyboard in Resources */ = {isa = PBXBuildFile; fileRef = 7FB92B7F25FE1031002601E9 /* Main.storyboard */; };
		7FB92B8325FE1034002601E9 /* Assets.xcassets in Resources */ = {isa = PBXBuildFile; fileRef = 7FB92B8225FE1034002601E9 /* Assets.xcassets */; };
		7FB92B8625FE1034002601E9 /* LaunchScreen.storyboard in Resources */ = {isa = PBXBuildFile; fileRef = 7FB92B8425FE1034002601E9 /* LaunchScreen.storyboard */; };
		7FB92B9025FE16A4002601E9 /* SelectCC.storyboard in Resources */ = {isa = PBXBuildFile; fileRef = 7FB92B8F25FE16A4002601E9 /* SelectCC.storyboard */; };
		7FCD2E8526218F0E00A938DC /* fehresTableViewController.swift in Sources */ = {isa = PBXBuildFile; fileRef = 7FCD2E8426218F0E00A938DC /* fehresTableViewController.swift */; };
		7FD1792C260CC4A600BD384A /* AzkarSapa7.storyboard in Resources */ = {isa = PBXBuildFile; fileRef = 7FD1792B260CC4A600BD384A /* AzkarSapa7.storyboard */; };
		7FD1792F260CC4F400BD384A /* AzkarMasa2.storyboard in Resources */ = {isa = PBXBuildFile; fileRef = 7FD1792E260CC4F400BD384A /* AzkarMasa2.storyboard */; };
		7FD17935260CCA1300BD384A /* AzkarSapa7ViewController.swift in Sources */ = {isa = PBXBuildFile; fileRef = 7FD17934260CCA1300BD384A /* AzkarSapa7ViewController.swift */; };
		7FD17938260CCA2800BD384A /* AzkarMasa2ViewController.swift in Sources */ = {isa = PBXBuildFile; fileRef = 7FD17937260CCA2800BD384A /* AzkarMasa2ViewController.swift */; };
		7FD17940260DDBD600BD384A /* Quran.storyboard in Resources */ = {isa = PBXBuildFile; fileRef = 7FD1793F260DDBD600BD384A /* Quran.storyboard */; };
		7FD17943260DDDBE00BD384A /* PageViewController.swift in Sources */ = {isa = PBXBuildFile; fileRef = 7FD17942260DDDBE00BD384A /* PageViewController.swift */; };
		7FD17946260DDE5B00BD384A /* UIPageController.swift in Sources */ = {isa = PBXBuildFile; fileRef = 7FD17945260DDE5B00BD384A /* UIPageController.swift */; };
		7FD1794C260DE20100BD384A /* AdditionalFunctions.swift in Sources */ = {isa = PBXBuildFile; fileRef = 7FD1794B260DE20100BD384A /* AdditionalFunctions.swift */; };
/* End PBXBuildFile section */

/* Begin PBXFileReference section */
		7F0EC5212604AB4A00B1FAC1 /* Azan.swift */ = {isa = PBXFileReference; lastKnownFileType = sourcecode.swift; path = Azan.swift; sourceTree = "<group>"; };
		7F0EC5242604AB7400B1FAC1 /* AzanAPI.swift */ = {isa = PBXFileReference; lastKnownFileType = sourcecode.swift; path = AzanAPI.swift; sourceTree = "<group>"; };
		7F10BA32260126FF00EBA7D5 /* LabelDataEntry.swift */ = {isa = PBXFileReference; lastKnownFileType = sourcecode.swift; path = LabelDataEntry.swift; sourceTree = "<group>"; };
		7F10BA4E2601274000EBA7D5 /* Extension.swift */ = {isa = PBXFileReference; fileEncoding = 4; lastKnownFileType = sourcecode.swift; path = Extension.swift; sourceTree = "<group>"; };
		7F31359C261DAD820048EFFC /* do3a2ViewController.swift */ = {isa = PBXFileReference; lastKnownFileType = sourcecode.swift; path = do3a2ViewController.swift; sourceTree = "<group>"; };
		7F4B08402603943B00C412F2 /* AutoLocationFunctions.swift */ = {isa = PBXFileReference; lastKnownFileType = sourcecode.swift; path = AutoLocationFunctions.swift; sourceTree = "<group>"; };
		7F4B08472603CFFE00C412F2 /* WillAppearMain.swift */ = {isa = PBXFileReference; lastKnownFileType = sourcecode.swift; path = WillAppearMain.swift; sourceTree = "<group>"; };
		7F5A2D48260E4C1C00DCDBF3 /* QuranViewController.swift */ = {isa = PBXFileReference; lastKnownFileType = sourcecode.swift; path = QuranViewController.swift; sourceTree = "<group>"; };
		7F5A2D4B260F86AF00DCDBF3 /* ContainerViewController.swift */ = {isa = PBXFileReference; lastKnownFileType = sourcecode.swift; path = ContainerViewController.swift; sourceTree = "<group>"; };
		7F767E2D26220C4A00300531 /* Qebla.storyboard */ = {isa = PBXFileReference; lastKnownFileType = file.storyboard; path = Qebla.storyboard; sourceTree = "<group>"; };
		7F8153A32602562F007D3C60 /* SelectCCViewController.swift */ = {isa = PBXFileReference; lastKnownFileType = sourcecode.swift; path = SelectCCViewController.swift; sourceTree = "<group>"; };
		7F8153A626025788007D3C60 /* DidLoadCC.swift */ = {isa = PBXFileReference; lastKnownFileType = sourcecode.swift; path = DidLoadCC.swift; sourceTree = "<group>"; };
		7F8153AA260257A2007D3C60 /* PickerDataCC.swift */ = {isa = PBXFileReference; lastKnownFileType = sourcecode.swift; path = PickerDataCC.swift; sourceTree = "<group>"; };
		7F8153AD260257B8007D3C60 /* AutoLocationCC.swift */ = {isa = PBXFileReference; lastKnownFileType = sourcecode.swift; path = AutoLocationCC.swift; sourceTree = "<group>"; };
		7F8153B026025814007D3C60 /* Additional Function.swift */ = {isa = PBXFileReference; lastKnownFileType = sourcecode.swift; path = "Additional Function.swift"; sourceTree = "<group>"; };
		7FA97EA7261A15020018A832 /* LoadFunction.swift */ = {isa = PBXFileReference; lastKnownFileType = sourcecode.swift; path = LoadFunction.swift; sourceTree = "<group>"; };
		7FB92B7625FE1031002601E9 /* Al Emsakia - الامساكية.app */ = {isa = PBXFileReference; explicitFileType = wrapper.application; includeInIndex = 0; path = "Al Emsakia - الامساكية.app"; sourceTree = BUILT_PRODUCTS_DIR; };
		7FB92B7925FE1031002601E9 /* AppDelegate.swift */ = {isa = PBXFileReference; lastKnownFileType = sourcecode.swift; path = AppDelegate.swift; sourceTree = "<group>"; };
		7FB92B7B25FE1031002601E9 /* SceneDelegate.swift */ = {isa = PBXFileReference; lastKnownFileType = sourcecode.swift; path = SceneDelegate.swift; sourceTree = "<group>"; };
		7FB92B7D25FE1031002601E9 /* MainViewController.swift */ = {isa = PBXFileReference; lastKnownFileType = sourcecode.swift; path = MainViewController.swift; sourceTree = "<group>"; };
		7FB92B8025FE1031002601E9 /* Base */ = {isa = PBXFileReference; lastKnownFileType = file.storyboard; name = Base; path = Base.lproj/Main.storyboard; sourceTree = "<group>"; };
		7FB92B8225FE1034002601E9 /* Assets.xcassets */ = {isa = PBXFileReference; lastKnownFileType = folder.assetcatalog; path = Assets.xcassets; sourceTree = "<group>"; };
		7FB92B8525FE1034002601E9 /* Base */ = {isa = PBXFileReference; lastKnownFileType = file.storyboard; name = Base; path = Base.lproj/LaunchScreen.storyboard; sourceTree = "<group>"; };
		7FB92B8725FE1034002601E9 /* Info.plist */ = {isa = PBXFileReference; lastKnownFileType = text.plist.xml; path = Info.plist; sourceTree = "<group>"; };
		7FB92B8F25FE16A4002601E9 /* SelectCC.storyboard */ = {isa = PBXFileReference; lastKnownFileType = file.storyboard; path = SelectCC.storyboard; sourceTree = "<group>"; };
		7FCD2E8426218F0E00A938DC /* fehresTableViewController.swift */ = {isa = PBXFileReference; lastKnownFileType = sourcecode.swift; path = fehresTableViewController.swift; sourceTree = "<group>"; };
		7FD1792B260CC4A600BD384A /* AzkarSapa7.storyboard */ = {isa = PBXFileReference; lastKnownFileType = file.storyboard; path = AzkarSapa7.storyboard; sourceTree = "<group>"; };
		7FD1792E260CC4F400BD384A /* AzkarMasa2.storyboard */ = {isa = PBXFileReference; lastKnownFileType = file.storyboard; path = AzkarMasa2.storyboard; sourceTree = "<group>"; };
		7FD17934260CCA1300BD384A /* AzkarSapa7ViewController.swift */ = {isa = PBXFileReference; lastKnownFileType = sourcecode.swift; path = AzkarSapa7ViewController.swift; sourceTree = "<group>"; };
		7FD17937260CCA2800BD384A /* AzkarMasa2ViewController.swift */ = {isa = PBXFileReference; lastKnownFileType = sourcecode.swift; path = AzkarMasa2ViewController.swift; sourceTree = "<group>"; };
		7FD1793F260DDBD600BD384A /* Quran.storyboard */ = {isa = PBXFileReference; lastKnownFileType = file.storyboard; path = Quran.storyboard; sourceTree = "<group>"; };
		7FD17942260DDDBE00BD384A /* PageViewController.swift */ = {isa = PBXFileReference; lastKnownFileType = sourcecode.swift; path = PageViewController.swift; sourceTree = "<group>"; };
		7FD17945260DDE5B00BD384A /* UIPageController.swift */ = {isa = PBXFileReference; lastKnownFileType = sourcecode.swift; path = UIPageController.swift; sourceTree = "<group>"; };
		7FD1794B260DE20100BD384A /* AdditionalFunctions.swift */ = {isa = PBXFileReference; lastKnownFileType = sourcecode.swift; path = AdditionalFunctions.swift; sourceTree = "<group>"; };
/* End PBXFileReference section */

/* Begin PBXFrameworksBuildPhase section */
		7FB92B7325FE1031002601E9 /* Frameworks */ = {
			isa = PBXFrameworksBuildPhase;
			buildActionMask = 2147483647;
			files = (
			);
			runOnlyForDeploymentPostprocessing = 0;
		};
/* End PBXFrameworksBuildPhase section */

/* Begin PBXGroup section */
		7F10BA4D2601274000EBA7D5 /* extensions */ = {
			isa = PBXGroup;
			children = (
				7F10BA4E2601274000EBA7D5 /* Extension.swift */,
			);
			path = extensions;
			sourceTree = "<group>";
		};
		7F10BA5E26012B6000EBA7D5 /* SelectCountry&City */ = {
			isa = PBXGroup;
			children = (
				7F10BA6126012B9E00EBA7D5 /* CountryCityController */,
				7F10BA6026012B9000EBA7D5 /* CountryCityView */,
				7F10BA5F26012B8000EBA7D5 /* CountryCityModel */,
			);
			path = "SelectCountry&City";
			sourceTree = "<group>";
		};
		7F10BA5F26012B8000EBA7D5 /* CountryCityModel */ = {
			isa = PBXGroup;
			children = (
				7F8153B026025814007D3C60 /* Additional Function.swift */,
				7F4B08402603943B00C412F2 /* AutoLocationFunctions.swift */,
			);
			path = CountryCityModel;
			sourceTree = "<group>";
		};
		7F10BA6026012B9000EBA7D5 /* CountryCityView */ = {
			isa = PBXGroup;
			children = (
				7FB92B8F25FE16A4002601E9 /* SelectCC.storyboard */,
			);
			path = CountryCityView;
			sourceTree = "<group>";
		};
		7F10BA6126012B9E00EBA7D5 /* CountryCityController */ = {
			isa = PBXGroup;
			children = (
				7F8153A32602562F007D3C60 /* SelectCCViewController.swift */,
				7F8153A626025788007D3C60 /* DidLoadCC.swift */,
				7F8153AA260257A2007D3C60 /* PickerDataCC.swift */,
				7F8153AD260257B8007D3C60 /* AutoLocationCC.swift */,
			);
			path = CountryCityController;
			sourceTree = "<group>";
		};
		7F10BA6226012BEC00EBA7D5 /* MainPage */ = {
			isa = PBXGroup;
			children = (
				7F10BA6526012C2700EBA7D5 /* MainPageController */,
				7F10BA6426012C1600EBA7D5 /* MainPageView */,
				7F10BA6326012BFC00EBA7D5 /* MainPageModel */,
			);
			path = MainPage;
			sourceTree = "<group>";
		};
		7F10BA6326012BFC00EBA7D5 /* MainPageModel */ = {
			isa = PBXGroup;
			children = (
				7F0EC5212604AB4A00B1FAC1 /* Azan.swift */,
				7F0EC5242604AB7400B1FAC1 /* AzanAPI.swift */,
			);
			path = MainPageModel;
			sourceTree = "<group>";
		};
		7F10BA6426012C1600EBA7D5 /* MainPageView */ = {
			isa = PBXGroup;
			children = (
				7FB92B7F25FE1031002601E9 /* Main.storyboard */,
			);
			path = MainPageView;
			sourceTree = "<group>";
		};
		7F10BA6526012C2700EBA7D5 /* MainPageController */ = {
			isa = PBXGroup;
			children = (
				7FB92B7D25FE1031002601E9 /* MainViewController.swift */,
				7F4B08472603CFFE00C412F2 /* WillAppearMain.swift */,
				7F10BA32260126FF00EBA7D5 /* LabelDataEntry.swift */,
			);
			path = MainPageController;
			sourceTree = "<group>";
		};
		7F10BA6626012C6400EBA7D5 /* LaunchScreen */ = {
			isa = PBXGroup;
			children = (
				7FB92B8425FE1034002601E9 /* LaunchScreen.storyboard */,
			);
			path = LaunchScreen;
			sourceTree = "<group>";
		};
		7F10BA6726012CA500EBA7D5 /* Quran */ = {
			isa = PBXGroup;
			children = (
				7FD1793E260CD72C00BD384A /* QuranController */,
				7F31359C261DAD820048EFFC /* do3a2ViewController.swift */,
				7FCD2E8426218F0E00A938DC /* fehresTableViewController.swift */,
				7FD1793D260CD72100BD384A /* QuranView */,
				7FD1793C260CD70F00BD384A /* QuranModel */,
			);
			path = Quran;
			sourceTree = "<group>";
		};
		7F10BA6826012CC700EBA7D5 /* Azkar */ = {
			isa = PBXGroup;
			children = (
				7FD17932260CC9CE00BD384A /* AzkarController */,
				7FD17931260CC9B200BD384A /* AzkarView */,
			);
			path = Azkar;
			sourceTree = "<group>";
		};
		7F10BA6926012CD100EBA7D5 /* QeblaCompass */ = {
			isa = PBXGroup;
			children = (
				7F767E2C26220BF700300531 /* QeblaController */,
				7F767E2B26220BEC00300531 /* QeblaView */,
				7F767E2A26220BDE00300531 /* QeblaModel */,
			);
			path = QeblaCompass;
			sourceTree = "<group>";
		};
		7F767E2A26220BDE00300531 /* QeblaModel */ = {
			isa = PBXGroup;
			children = (
			);
			path = QeblaModel;
			sourceTree = "<group>";
		};
		7F767E2B26220BEC00300531 /* QeblaView */ = {
			isa = PBXGroup;
			children = (
				7F767E2D26220C4A00300531 /* Qebla.storyboard */,
			);
			path = QeblaView;
			sourceTree = "<group>";
		};
		7F767E2C26220BF700300531 /* QeblaController */ = {
			isa = PBXGroup;
			children = (
			);
			path = QeblaController;
			sourceTree = "<group>";
		};
		7FA97EA42619D0D90018A832 /* UIPage */ = {
			isa = PBXGroup;
			children = (
				7FD17942260DDDBE00BD384A /* PageViewController.swift */,
				7FD17945260DDE5B00BD384A /* UIPageController.swift */,
			);
			path = UIPage;
			sourceTree = "<group>";
		};
		7FA97EA52619D0F90018A832 /* QuranPage */ = {
			isa = PBXGroup;
			children = (
				7F5A2D48260E4C1C00DCDBF3 /* QuranViewController.swift */,
				7FA97EA7261A15020018A832 /* LoadFunction.swift */,
				7F5A2D4B260F86AF00DCDBF3 /* ContainerViewController.swift */,
			);
			path = QuranPage;
			sourceTree = "<group>";
		};
		7FB92B6D25FE1031002601E9 = {
			isa = PBXGroup;
			children = (
				7FB92B7825FE1031002601E9 /* Al Emsakia - الامساكية */,
				7FB92B7725FE1031002601E9 /* Products */,
			);
			sourceTree = "<group>";
		};
		7FB92B7725FE1031002601E9 /* Products */ = {
			isa = PBXGroup;
			children = (
				7FB92B7625FE1031002601E9 /* Al Emsakia - الامساكية.app */,
			);
			name = Products;
			sourceTree = "<group>";
		};
		7FB92B7825FE1031002601E9 /* Al Emsakia - الامساكية */ = {
			isa = PBXGroup;
			children = (
				7F10BA5E26012B6000EBA7D5 /* SelectCountry&City */,
				7F10BA6226012BEC00EBA7D5 /* MainPage */,
				7F10BA6826012CC700EBA7D5 /* Azkar */,
				7F10BA6726012CA500EBA7D5 /* Quran */,
				7F10BA6926012CD100EBA7D5 /* QeblaCompass */,
				7F10BA6626012C6400EBA7D5 /* LaunchScreen */,
				7F10BA4D2601274000EBA7D5 /* extensions */,
				7FB92B7925FE1031002601E9 /* AppDelegate.swift */,
				7FB92B7B25FE1031002601E9 /* SceneDelegate.swift */,
				7FB92B8725FE1034002601E9 /* Info.plist */,
				7FB92B8225FE1034002601E9 /* Assets.xcassets */,
			);
			path = "Al Emsakia - الامساكية";
			sourceTree = "<group>";
		};
		7FD17931260CC9B200BD384A /* AzkarView */ = {
			isa = PBXGroup;
			children = (
				7FD1792B260CC4A600BD384A /* AzkarSapa7.storyboard */,
				7FD1792E260CC4F400BD384A /* AzkarMasa2.storyboard */,
			);
			path = AzkarView;
			sourceTree = "<group>";
		};
		7FD17932260CC9CE00BD384A /* AzkarController */ = {
			isa = PBXGroup;
			children = (
				7FD17934260CCA1300BD384A /* AzkarSapa7ViewController.swift */,
				7FD17937260CCA2800BD384A /* AzkarMasa2ViewController.swift */,
			);
			path = AzkarController;
			sourceTree = "<group>";
		};
		7FD1793C260CD70F00BD384A /* QuranModel */ = {
			isa = PBXGroup;
			children = (
				7FD1794B260DE20100BD384A /* AdditionalFunctions.swift */,
			);
			path = QuranModel;
			sourceTree = "<group>";
		};
		7FD1793D260CD72100BD384A /* QuranView */ = {
			isa = PBXGroup;
			children = (
				7FD1793F260DDBD600BD384A /* Quran.storyboard */,
			);
			path = QuranView;
			sourceTree = "<group>";
		};
		7FD1793E260CD72C00BD384A /* QuranController */ = {
			isa = PBXGroup;
			children = (
				7FA97EA42619D0D90018A832 /* UIPage */,
				7FA97EA52619D0F90018A832 /* QuranPage */,
			);
			path = QuranController;
			sourceTree = "<group>";
		};
/* End PBXGroup section */

/* Begin PBXNativeTarget section */
		7FB92B7525FE1031002601E9 /* Al Emsakia - الامساكية */ = {
			isa = PBXNativeTarget;
			buildConfigurationList = 7FB92B8A25FE1034002601E9 /* Build configuration list for PBXNativeTarget "Al Emsakia - الامساكية" */;
			buildPhases = (
				7FB92B7225FE1031002601E9 /* Sources */,
				7FB92B7325FE1031002601E9 /* Frameworks */,
				7FB92B7425FE1031002601E9 /* Resources */,
			);
			buildRules = (
			);
			dependencies = (
			);
			name = "Al Emsakia - الامساكية";
			productName = "Al Emsakia - الامساكية";
			productReference = 7FB92B7625FE1031002601E9 /* Al Emsakia - الامساكية.app */;
			productType = "com.apple.product-type.application";
		};
/* End PBXNativeTarget section */

/* Begin PBXProject section */
		7FB92B6E25FE1031002601E9 /* Project object */ = {
			isa = PBXProject;
			attributes = {
				LastSwiftUpdateCheck = 1220;
				LastUpgradeCheck = 1220;
				TargetAttributes = {
					7FB92B7525FE1031002601E9 = {
						CreatedOnToolsVersion = 12.2;
					};
				};
			};
			buildConfigurationList = 7FB92B7125FE1031002601E9 /* Build configuration list for PBXProject "Al Emsakia - الامساكية" */;
			compatibilityVersion = "Xcode 9.3";
			developmentRegion = en;
			hasScannedForEncodings = 0;
			knownRegions = (
				en,
				Base,
			);
			mainGroup = 7FB92B6D25FE1031002601E9;
			productRefGroup = 7FB92B7725FE1031002601E9 /* Products */;
			projectDirPath = "";
			projectRoot = "";
			targets = (
				7FB92B7525FE1031002601E9 /* Al Emsakia - الامساكية */,
			);
		};
/* End PBXProject section */

/* Begin PBXResourcesBuildPhase section */
		7FB92B7425FE1031002601E9 /* Resources */ = {
			isa = PBXResourcesBuildPhase;
			buildActionMask = 2147483647;
			files = (
				7FB92B9025FE16A4002601E9 /* SelectCC.storyboard in Resources */,
				7FD1792F260CC4F400BD384A /* AzkarMasa2.storyboard in Resources */,
				7FB92B8625FE1034002601E9 /* LaunchScreen.storyboard in Resources */,
				7FB92B8325FE1034002601E9 /* Assets.xcassets in Resources */,
				7F767E2E26220C4A00300531 /* Qebla.storyboard in Resources */,
				7FB92B8125FE1031002601E9 /* Main.storyboard in Resources */,
				7FD17940260DDBD600BD384A /* Quran.storyboard in Resources */,
				7FD1792C260CC4A600BD384A /* AzkarSapa7.storyboard in Resources */,
			);
			runOnlyForDeploymentPostprocessing = 0;
		};
/* End PBXResourcesBuildPhase section */

/* Begin PBXSourcesBuildPhase section */
		7FB92B7225FE1031002601E9 /* Sources */ = {
			isa = PBXSourcesBuildPhase;
			buildActionMask = 2147483647;
			files = (
				7FA97EA8261A15020018A832 /* LoadFunction.swift in Sources */,
				7FD17938260CCA2800BD384A /* AzkarMasa2ViewController.swift in Sources */,
				7F31359D261DAD820048EFFC /* do3a2ViewController.swift in Sources */,
				7F10BA4F2601274100EBA7D5 /* Extension.swift in Sources */,
				7F5A2D4C260F86AF00DCDBF3 /* ContainerViewController.swift in Sources */,
				7FD17946260DDE5B00BD384A /* UIPageController.swift in Sources */,
				7F4B084A2603D20900C412F2 /* LabelDataEntry.swift in Sources */,
				7FD1794C260DE20100BD384A /* AdditionalFunctions.swift in Sources */,
				7FB92B7E25FE1031002601E9 /* MainViewController.swift in Sources */,
				7F8153B126025814007D3C60 /* Additional Function.swift in Sources */,
				7F8153A42602562F007D3C60 /* SelectCCViewController.swift in Sources */,
				7F8153AE260257B8007D3C60 /* AutoLocationCC.swift in Sources */,
				7FCD2E8526218F0E00A938DC /* fehresTableViewController.swift in Sources */,
				7FB92B7A25FE1031002601E9 /* AppDelegate.swift in Sources */,
				7F4B08412603943B00C412F2 /* AutoLocationFunctions.swift in Sources */,
				7F8153AB260257A2007D3C60 /* PickerDataCC.swift in Sources */,
				7FD17943260DDDBE00BD384A /* PageViewController.swift in Sources */,
				7F8153A726025788007D3C60 /* DidLoadCC.swift in Sources */,
				7F0EC5252604AB7400B1FAC1 /* AzanAPI.swift in Sources */,
				7F4B08482603CFFE00C412F2 /* WillAppearMain.swift in Sources */,
				7F5A2D49260E4C1C00DCDBF3 /* QuranViewController.swift in Sources */,
				7FB92B7C25FE1031002601E9 /* SceneDelegate.swift in Sources */,
				7FD17935260CCA1300BD384A /* AzkarSapa7ViewController.swift in Sources */,
				7F0EC5222604AB4A00B1FAC1 /* Azan.swift in Sources */,
			);
			runOnlyForDeploymentPostprocessing = 0;
		};
/* End PBXSourcesBuildPhase section */

/* Begin PBXVariantGroup section */
		7FB92B7F25FE1031002601E9 /* Main.storyboard */ = {
			isa = PBXVariantGroup;
			children = (
				7FB92B8025FE1031002601E9 /* Base */,
			);
			name = Main.storyboard;
			sourceTree = "<group>";
		};
		7FB92B8425FE1034002601E9 /* LaunchScreen.storyboard */ = {
			isa = PBXVariantGroup;
			children = (
				7FB92B8525FE1034002601E9 /* Base */,
			);
			name = LaunchScreen.storyboard;
			sourceTree = "<group>";
		};
/* End PBXVariantGroup section */

/* Begin XCBuildConfiguration section */
		7FB92B8825FE1034002601E9 /* Debug */ = {
			isa = XCBuildConfiguration;
			buildSettings = {
				ALWAYS_SEARCH_USER_PATHS = NO;
				CLANG_ANALYZER_NONNULL = YES;
				CLANG_ANALYZER_NUMBER_OBJECT_CONVERSION = YES_AGGRESSIVE;
				CLANG_CXX_LANGUAGE_STANDARD = "gnu++14";
				CLANG_CXX_LIBRARY = "libc++";
				CLANG_ENABLE_MODULES = YES;
				CLANG_ENABLE_OBJC_ARC = YES;
				CLANG_ENABLE_OBJC_WEAK = YES;
				CLANG_WARN_BLOCK_CAPTURE_AUTORELEASING = YES;
				CLANG_WARN_BOOL_CONVERSION = YES;
				CLANG_WARN_COMMA = YES;
				CLANG_WARN_CONSTANT_CONVERSION = YES;
				CLANG_WARN_DEPRECATED_OBJC_IMPLEMENTATIONS = YES;
				CLANG_WARN_DIRECT_OBJC_ISA_USAGE = YES_ERROR;
				CLANG_WARN_DOCUMENTATION_COMMENTS = YES;
				CLANG_WARN_EMPTY_BODY = YES;
				CLANG_WARN_ENUM_CONVERSION = YES;
				CLANG_WARN_INFINITE_RECURSION = YES;
				CLANG_WARN_INT_CONVERSION = YES;
				CLANG_WARN_NON_LITERAL_NULL_CONVERSION = YES;
				CLANG_WARN_OBJC_IMPLICIT_RETAIN_SELF = YES;
				CLANG_WARN_OBJC_LITERAL_CONVERSION = YES;
				CLANG_WARN_OBJC_ROOT_CLASS = YES_ERROR;
				CLANG_WARN_QUOTED_INCLUDE_IN_FRAMEWORK_HEADER = YES;
				CLANG_WARN_RANGE_LOOP_ANALYSIS = YES;
				CLANG_WARN_STRICT_PROTOTYPES = YES;
				CLANG_WARN_SUSPICIOUS_MOVE = YES;
				CLANG_WARN_UNGUARDED_AVAILABILITY = YES_AGGRESSIVE;
				CLANG_WARN_UNREACHABLE_CODE = YES;
				CLANG_WARN__DUPLICATE_METHOD_MATCH = YES;
				COPY_PHASE_STRIP = NO;
				DEBUG_INFORMATION_FORMAT = dwarf;
				ENABLE_STRICT_OBJC_MSGSEND = YES;
				ENABLE_TESTABILITY = YES;
				GCC_C_LANGUAGE_STANDARD = gnu11;
				GCC_DYNAMIC_NO_PIC = NO;
				GCC_NO_COMMON_BLOCKS = YES;
				GCC_OPTIMIZATION_LEVEL = 0;
				GCC_PREPROCESSOR_DEFINITIONS = (
					"DEBUG=1",
					"$(inherited)",
				);
				GCC_WARN_64_TO_32_BIT_CONVERSION = YES;
				GCC_WARN_ABOUT_RETURN_TYPE = YES_ERROR;
				GCC_WARN_UNDECLARED_SELECTOR = YES;
				GCC_WARN_UNINITIALIZED_AUTOS = YES_AGGRESSIVE;
				GCC_WARN_UNUSED_FUNCTION = YES;
				GCC_WARN_UNUSED_VARIABLE = YES;
				IPHONEOS_DEPLOYMENT_TARGET = 14.2;
				MTL_ENABLE_DEBUG_INFO = INCLUDE_SOURCE;
				MTL_FAST_MATH = YES;
				ONLY_ACTIVE_ARCH = YES;
				SDKROOT = iphoneos;
				SWIFT_ACTIVE_COMPILATION_CONDITIONS = DEBUG;
				SWIFT_OPTIMIZATION_LEVEL = "-Onone";
			};
			name = Debug;
		};
		7FB92B8925FE1034002601E9 /* Release */ = {
			isa = XCBuildConfiguration;
			buildSettings = {
				ALWAYS_SEARCH_USER_PATHS = NO;
				CLANG_ANALYZER_NONNULL = YES;
				CLANG_ANALYZER_NUMBER_OBJECT_CONVERSION = YES_AGGRESSIVE;
				CLANG_CXX_LANGUAGE_STANDARD = "gnu++14";
				CLANG_CXX_LIBRARY = "libc++";
				CLANG_ENABLE_MODULES = YES;
				CLANG_ENABLE_OBJC_ARC = YES;
				CLANG_ENABLE_OBJC_WEAK = YES;
				CLANG_WARN_BLOCK_CAPTURE_AUTORELEASING = YES;
				CLANG_WARN_BOOL_CONVERSION = YES;
				CLANG_WARN_COMMA = YES;
				CLANG_WARN_CONSTANT_CONVERSION = YES;
				CLANG_WARN_DEPRECATED_OBJC_IMPLEMENTATIONS = YES;
				CLANG_WARN_DIRECT_OBJC_ISA_USAGE = YES_ERROR;
				CLANG_WARN_DOCUMENTATION_COMMENTS = YES;
				CLANG_WARN_EMPTY_BODY = YES;
				CLANG_WARN_ENUM_CONVERSION = YES;
				CLANG_WARN_INFINITE_RECURSION = YES;
				CLANG_WARN_INT_CONVERSION = YES;
				CLANG_WARN_NON_LITERAL_NULL_CONVERSION = YES;
				CLANG_WARN_OBJC_IMPLICIT_RETAIN_SELF = YES;
				CLANG_WARN_OBJC_LITERAL_CONVERSION = YES;
				CLANG_WARN_OBJC_ROOT_CLASS = YES_ERROR;
				CLANG_WARN_QUOTED_INCLUDE_IN_FRAMEWORK_HEADER = YES;
				CLANG_WARN_RANGE_LOOP_ANALYSIS = YES;
				CLANG_WARN_STRICT_PROTOTYPES = YES;
				CLANG_WARN_SUSPICIOUS_MOVE = YES;
				CLANG_WARN_UNGUARDED_AVAILABILITY = YES_AGGRESSIVE;
				CLANG_WARN_UNREACHABLE_CODE = YES;
				CLANG_WARN__DUPLICATE_METHOD_MATCH = YES;
				COPY_PHASE_STRIP = NO;
				DEBUG_INFORMATION_FORMAT = "dwarf-with-dsym";
				ENABLE_NS_ASSERTIONS = NO;
				ENABLE_STRICT_OBJC_MSGSEND = YES;
				GCC_C_LANGUAGE_STANDARD = gnu11;
				GCC_NO_COMMON_BLOCKS = YES;
				GCC_WARN_64_TO_32_BIT_CONVERSION = YES;
				GCC_WARN_ABOUT_RETURN_TYPE = YES_ERROR;
				GCC_WARN_UNDECLARED_SELECTOR = YES;
				GCC_WARN_UNINITIALIZED_AUTOS = YES_AGGRESSIVE;
				GCC_WARN_UNUSED_FUNCTION = YES;
				GCC_WARN_UNUSED_VARIABLE = YES;
				IPHONEOS_DEPLOYMENT_TARGET = 14.2;
				MTL_ENABLE_DEBUG_INFO = NO;
				MTL_FAST_MATH = YES;
				SDKROOT = iphoneos;
				SWIFT_COMPILATION_MODE = wholemodule;
				SWIFT_OPTIMIZATION_LEVEL = "-O";
				VALIDATE_PRODUCT = YES;
			};
			name = Release;
		};
		7FB92B8B25FE1034002601E9 /* Debug */ = {
			isa = XCBuildConfiguration;
			buildSettings = {
				ASSETCATALOG_COMPILER_APPICON_NAME = AppIcon;
				ASSETCATALOG_COMPILER_GLOBAL_ACCENT_COLOR_NAME = AccentColor;
				CODE_SIGN_STYLE = Automatic;
				DEVELOPMENT_TEAM = 5AT2KUKYQH;
				INFOPLIST_FILE = "Al Emsakia - الامساكية/Info.plist";
				IPHONEOS_DEPLOYMENT_TARGET = 13.0;
				LD_RUNPATH_SEARCH_PATHS = (
					"$(inherited)",
					"@executable_path/Frameworks",
				);
				PRODUCT_BUNDLE_IDENTIFIER = "Ahmed-Essam.Al-Emsakia------------";
				PRODUCT_NAME = "$(TARGET_NAME)";
				SWIFT_VERSION = 5.0;
				TARGETED_DEVICE_FAMILY = "1,2";
			};
			name = Debug;
		};
		7FB92B8C25FE1034002601E9 /* Release */ = {
			isa = XCBuildConfiguration;
			buildSettings = {
				ASSETCATALOG_COMPILER_APPICON_NAME = AppIcon;
				ASSETCATALOG_COMPILER_GLOBAL_ACCENT_COLOR_NAME = AccentColor;
				CODE_SIGN_STYLE = Automatic;
				DEVELOPMENT_TEAM = 5AT2KUKYQH;
				INFOPLIST_FILE = "Al Emsakia - الامساكية/Info.plist";
				IPHONEOS_DEPLOYMENT_TARGET = 13.0;
				LD_RUNPATH_SEARCH_PATHS = (
					"$(inherited)",
					"@executable_path/Frameworks",
				);
				PRODUCT_BUNDLE_IDENTIFIER = "Ahmed-Essam.Al-Emsakia------------";
				PRODUCT_NAME = "$(TARGET_NAME)";
				SWIFT_VERSION = 5.0;
				TARGETED_DEVICE_FAMILY = "1,2";
			};
			name = Release;
		};
/* End XCBuildConfiguration section */

/* Begin XCConfigurationList section */
		7FB92B7125FE1031002601E9 /* Build configuration list for PBXProject "Al Emsakia - الامساكية" */ = {
			isa = XCConfigurationList;
			buildConfigurations = (
				7FB92B8825FE1034002601E9 /* Debug */,
				7FB92B8925FE1034002601E9 /* Release */,
			);
			defaultConfigurationIsVisible = 0;
			defaultConfigurationName = Release;
		};
		7FB92B8A25FE1034002601E9 /* Build configuration list for PBXNativeTarget "Al Emsakia - الامساكية" */ = {
			isa = XCConfigurationList;
			buildConfigurations = (
				7FB92B8B25FE1034002601E9 /* Debug */,
				7FB92B8C25FE1034002601E9 /* Release */,
			);
			defaultConfigurationIsVisible = 0;
			defaultConfigurationName = Release;
		};
/* End XCConfigurationList section */
	};
	rootObject = 7FB92B6E25FE1031002601E9 /* Project object */;
}
